// !$*UTF8*$!
{
	archiveVersion = 1;
	classes = {
	};
	objectVersion = 48;
	objects = {

/* Begin PBXBuildFile section */
		743B02A920AD163500E8D32F /* AppDelegate.swift in Sources */ = {isa = PBXBuildFile; fileRef = 743B02A820AD163500E8D32F /* AppDelegate.swift */; };
		743B02AE20AD163500E8D32F /* Main.storyboard in Resources */ = {isa = PBXBuildFile; fileRef = 743B02AC20AD163500E8D32F /* Main.storyboard */; };
		743B02B020AD163500E8D32F /* Assets.xcassets in Resources */ = {isa = PBXBuildFile; fileRef = 743B02AF20AD163500E8D32F /* Assets.xcassets */; };
		743B02B320AD163500E8D32F /* LaunchScreen.storyboard in Resources */ = {isa = PBXBuildFile; fileRef = 743B02B120AD163500E8D32F /* LaunchScreen.storyboard */; };
		743B02BB20AD1F9800E8D32F /* FoodFinderTableViewController.swift in Sources */ = {isa = PBXBuildFile; fileRef = 743B02BA20AD1F9800E8D32F /* FoodFinderTableViewController.swift */; };
		743B02BD20AD200900E8D32F /* FoodFinderTableViewCell.swift in Sources */ = {isa = PBXBuildFile; fileRef = 743B02BC20AD200900E8D32F /* FoodFinderTableViewCell.swift */; };
		7475545020BE464A00602D8C /* DetailViewControllor.swift in Sources */ = {isa = PBXBuildFile; fileRef = 7475544F20BE464A00602D8C /* DetailViewControllor.swift */; };
/* End PBXBuildFile section */

/* Begin PBXFileReference section */
		743B02A520AD163500E8D32F /* DIT Food Finder.app */ = {isa = PBXFileReference; explicitFileType = wrapper.application; includeInIndex = 0; path = "DIT Food Finder.app"; sourceTree = BUILT_PRODUCTS_DIR; };
		743B02A820AD163500E8D32F /* AppDelegate.swift */ = {isa = PBXFileReference; lastKnownFileType = sourcecode.swift; path = AppDelegate.swift; sourceTree = "<group>"; };
		743B02AD20AD163500E8D32F /* Base */ = {isa = PBXFileReference; lastKnownFileType = file.storyboard; name = Base; path = Base.lproj/Main.storyboard; sourceTree = "<group>"; };
		743B02AF20AD163500E8D32F /* Assets.xcassets */ = {isa = PBXFileReference; lastKnownFileType = folder.assetcatalog; path = Assets.xcassets; sourceTree = "<group>"; };
		743B02B220AD163500E8D32F /* Base */ = {isa = PBXFileReference; lastKnownFileType = file.storyboard; name = Base; path = Base.lproj/LaunchScreen.storyboard; sourceTree = "<group>"; };
		743B02B420AD163500E8D32F /* Info.plist */ = {isa = PBXFileReference; lastKnownFileType = text.plist.xml; path = Info.plist; sourceTree = "<group>"; };
		743B02BA20AD1F9800E8D32F /* FoodFinderTableViewController.swift */ = {isa = PBXFileReference; lastKnownFileType = sourcecode.swift; path = FoodFinderTableViewController.swift; sourceTree = "<group>"; };
		743B02BC20AD200900E8D32F /* FoodFinderTableViewCell.swift */ = {isa = PBXFileReference; lastKnownFileType = sourcecode.swift; path = FoodFinderTableViewCell.swift; sourceTree = "<group>"; };
		7475544F20BE464A00602D8C /* DetailViewControllor.swift */ = {isa = PBXFileReference; lastKnownFileType = sourcecode.swift; path = DetailViewControllor.swift; sourceTree = "<group>"; };
/* End PBXFileReference section */

/* Begin PBXFrameworksBuildPhase section */
		743B02A220AD163500E8D32F /* Frameworks */ = {
			isa = PBXFrameworksBuildPhase;
			buildActionMask = 2147483647;
			files = (
			);
			runOnlyForDeploymentPostprocessing = 0;
		};
/* End PBXFrameworksBuildPhase section */

/* Begin PBXGroup section */
		743B029C20AD163500E8D32F = {
			isa = PBXGroup;
			children = (
				743B02A720AD163500E8D32F /* DIT Food Finder */,
				743B02A620AD163500E8D32F /* Products */,
			);
			sourceTree = "<group>";
		};
		743B02A620AD163500E8D32F /* Products */ = {
			isa = PBXGroup;
			children = (
				743B02A520AD163500E8D32F /* DIT Food Finder.app */,
			);
			name = Products;
			sourceTree = "<group>";
		};
		743B02A720AD163500E8D32F /* DIT Food Finder */ = {
			isa = PBXGroup;
			children = (
				743B02A820AD163500E8D32F /* AppDelegate.swift */,
				743B02AC20AD163500E8D32F /* Main.storyboard */,
				743B02BA20AD1F9800E8D32F /* FoodFinderTableViewController.swift */,
				743B02BC20AD200900E8D32F /* FoodFinderTableViewCell.swift */,
				7475544F20BE464A00602D8C /* DetailViewControllor.swift */,
				743B02AF20AD163500E8D32F /* Assets.xcassets */,
				743B02B120AD163500E8D32F /* LaunchScreen.storyboard */,
				743B02B420AD163500E8D32F /* Info.plist */,
			);
			path = "DIT Food Finder";
			sourceTree = "<group>";
		};
/* End PBXGroup section */

/* Begin PBXNativeTarget section */
		743B02A420AD163500E8D32F /* DIT Food Finder */ = {
			isa = PBXNativeTarget;
			buildConfigurationList = 743B02B720AD163500E8D32F /* Build configuration list for PBXNativeTarget "DIT Food Finder" */;
			buildPhases = (
				743B02A120AD163500E8D32F /* Sources */,
				743B02A220AD163500E8D32F /* Frameworks */,
				743B02A320AD163500E8D32F /* Resources */,
			);
			buildRules = (
			);
			dependencies = (
			);
			name = "DIT Food Finder";
			productName = "DIT Food Finder";
			productReference = 743B02A520AD163500E8D32F /* DIT Food Finder.app */;
			productType = "com.apple.product-type.application";
		};
/* End PBXNativeTarget section */

/* Begin PBXProject section */
		743B029D20AD163500E8D32F /* Project object */ = {
			isa = PBXProject;
			attributes = {
				LastSwiftUpdateCheck = 0920;
				LastUpgradeCheck = 0920;
				ORGANIZATIONNAME = lse;
				TargetAttributes = {
					743B02A420AD163500E8D32F = {
						CreatedOnToolsVersion = 9.2;
						ProvisioningStyle = Automatic;
					};
				};
			};
			buildConfigurationList = 743B02A020AD163500E8D32F /* Build configuration list for PBXProject "DIT Food Finder" */;
			compatibilityVersion = "Xcode 8.0";
			developmentRegion = en;
			hasScannedForEncodings = 0;
			knownRegions = (
				en,
				Base,
			);
			mainGroup = 743B029C20AD163500E8D32F;
			productRefGroup = 743B02A620AD163500E8D32F /* Products */;
			projectDirPath = "";
			projectRoot = "";
			targets = (
				743B02A420AD163500E8D32F /* DIT Food Finder */,
			);
		};
/* End PBXProject section */

/* Begin PBXResourcesBuildPhase section */
		743B02A320AD163500E8D32F /* Resources */ = {
			isa = PBXResourcesBuildPhase;
			buildActionMask = 2147483647;
			files = (
				743B02B320AD163500E8D32F /* LaunchScreen.storyboard in Resources */,
				743B02B020AD163500E8D32F /* Assets.xcassets in Resources */,
				743B02AE20AD163500E8D32F /* Main.storyboard in Resources */,
			);
			runOnlyForDeploymentPostprocessing = 0;
		};
/* End PBXResourcesBuildPhase section */

/* Begin PBXSourcesBuildPhase section */
		743B02A120AD163500E8D32F /* Sources */ = {
			isa = PBXSourcesBuildPhase;
			buildActionMask = 2147483647;
			files = (
				743B02BD20AD200900E8D32F /* FoodFinderTableViewCell.swift in Sources */,
				7475545020BE464A00602D8C /* DetailViewControllor.swift in Sources */,
				743B02A920AD163500E8D32F /* AppDelegate.swift in Sources */,
				743B02BB20AD1F9800E8D32F /* FoodFinderTableViewController.swift in Sources */,
			);
			runOnlyForDeploymentPostprocessing = 0;
		};
/* End PBXSourcesBuildPhase section */

/* Begin PBXVariantGroup section */
		743B02AC20AD163500E8D32F /* Main.storyboard */ = {
			isa = PBXVariantGroup;
			children = (
				743B02AD20AD163500E8D32F /* Base */,
			);
			name = Main.storyboard;
			sourceTree = "<group>";
		};
		743B02B120AD163500E8D32F /* LaunchScreen.storyboard */ = {
			isa = PBXVariantGroup;
			children = (
				743B02B220AD163500E8D32F /* Base */,
			);
			name = LaunchScreen.storyboard;
			sourceTree = "<group>";
		};
/* End PBXVariantGroup section */

/* Begin XCBuildConfiguration section */
		743B02B520AD163500E8D32F /* Debug */ = {
			isa = XCBuildConfiguration;
			buildSettings = {
				ALWAYS_SEARCH_USER_PATHS = NO;
				CLANG_ANALYZER_NONNULL = YES;
				CLANG_ANALYZER_NUMBER_OBJECT_CONVERSION = YES_AGGRESSIVE;
				CLANG_CXX_LANGUAGE_STANDARD = "gnu++14";
				CLANG_CXX_LIBRARY = "libc++";
				CLANG_ENABLE_MODULES = YES;
				CLANG_ENABLE_OBJC_ARC = YES;
				CLANG_WARN_BLOCK_CAPTURE_AUTORELEASING = YES;
				CLANG_WARN_BOOL_CONVERSION = YES;
				CLANG_WARN_COMMA = YES;
				CLANG_WARN_CONSTANT_CONVERSION = YES;
				CLANG_WARN_DIRECT_OBJC_ISA_USAGE = YES_ERROR;
				CLANG_WARN_DOCUMENTATION_COMMENTS = YES;
				CLANG_WARN_EMPTY_BODY = YES;
				CLANG_WARN_ENUM_CONVERSION = YES;
				CLANG_WARN_INFINITE_RECURSION = YES;
				CLANG_WARN_INT_CONVERSION = YES;
				CLANG_WARN_NON_LITERAL_NULL_CONVERSION = YES;
				CLANG_WARN_OBJC_LITERAL_CONVERSION = YES;
				CLANG_WARN_OBJC_ROOT_CLASS = YES_ERROR;
				CLANG_WARN_RANGE_LOOP_ANALYSIS = YES;
				CLANG_WARN_STRICT_PROTOTYPES = YES;
				CLANG_WARN_SUSPICIOUS_MOVE = YES;
				CLANG_WARN_UNGUARDED_AVAILABILITY = YES_AGGRESSIVE;
				CLANG_WARN_UNREACHABLE_CODE = YES;
				CLANG_WARN__DUPLICATE_METHOD_MATCH = YES;
				CODE_SIGN_IDENTITY = "iPhone Developer";
				COPY_PHASE_STRIP = NO;
				DEBUG_INFORMATION_FORMAT = dwarf;
				ENABLE_STRICT_OBJC_MSGSEND = YES;
				ENABLE_TESTABILITY = YES;
				GCC_C_LANGUAGE_STANDARD = gnu11;
				GCC_DYNAMIC_NO_PIC = NO;
				GCC_NO_COMMON_BLOCKS = YES;
				GCC_OPTIMIZATION_LEVEL = 0;
				GCC_PREPROCESSOR_DEFINITIONS = (
					"DEBUG=1",
					"$(inherited)",
				);
				GCC_WARN_64_TO_32_BIT_CONVERSION = YES;
				GCC_WARN_ABOUT_RETURN_TYPE = YES_ERROR;
				GCC_WARN_UNDECLARED_SELECTOR = YES;
				GCC_WARN_UNINITIALIZED_AUTOS = YES_AGGRESSIVE;
				GCC_WARN_UNUSED_FUNCTION = YES;
				GCC_WARN_UNUSED_VARIABLE = YES;
				IPHONEOS_DEPLOYMENT_TARGET = 11.2;
				MTL_ENABLE_DEBUG_INFO = YES;
				ONLY_ACTIVE_ARCH = YES;
				SDKROOT = iphoneos;
				SWIFT_ACTIVE_COMPILATION_CONDITIONS = DEBUG;
				SWIFT_OPTIMIZATION_LEVEL = "-Onone";
			};
			name = Debug;
		};
		743B02B620AD163500E8D32F /* Release */ = {
			isa = XCBuildConfiguration;
			buildSettings = {
				ALWAYS_SEARCH_USER_PATHS = NO;
				CLANG_ANALYZER_NONNULL = YES;
				CLANG_ANALYZER_NUMBER_OBJECT_CONVERSION = YES_AGGRESSIVE;
				CLANG_CXX_LANGUAGE_STANDARD = "gnu++14";
				CLANG_CXX_LIBRARY = "libc++";
				CLANG_ENABLE_MODULES = YES;
				CLANG_ENABLE_OBJC_ARC = YES;
				CLANG_WARN_BLOCK_CAPTURE_AUTORELEASING = YES;
				CLANG_WARN_BOOL_CONVERSION = YES;
				CLANG_WARN_COMMA = YES;
				CLANG_WARN_CONSTANT_CONVERSION = YES;
				CLANG_WARN_DIRECT_OBJC_ISA_USAGE = YES_ERROR;
				CLANG_WARN_DOCUMENTATION_COMMENTS = YES;
				CLANG_WARN_EMPTY_BODY = YES;
				CLANG_WARN_ENUM_CONVERSION = YES;
				CLANG_WARN_INFINITE_RECURSION = YES;
				CLANG_WARN_INT_CONVERSION = YES;
				CLANG_WARN_NON_LITERAL_NULL_CONVERSION = YES;
				CLANG_WARN_OBJC_LITERAL_CONVERSION = YES;
				CLANG_WARN_OBJC_ROOT_CLASS = YES_ERROR;
				CLANG_WARN_RANGE_LOOP_ANALYSIS = YES;
				CLANG_WARN_STRICT_PROTOTYPES = YES;
				CLANG_WARN_SUSPICIOUS_MOVE = YES;
				CLANG_WARN_UNGUARDED_AVAILABILITY = YES_AGGRESSIVE;
				CLANG_WARN_UNREACHABLE_CODE = YES;
				CLANG_WARN__DUPLICATE_METHOD_MATCH = YES;
				CODE_SIGN_IDENTITY = "iPhone Developer";
				COPY_PHASE_STRIP = NO;
				DEBUG_INFORMATION_FORMAT = "dwarf-with-dsym";
				ENABLE_NS_ASSERTIONS = NO;
				ENABLE_STRICT_OBJC_MSGSEND = YES;
				GCC_C_LANGUAGE_STANDARD = gnu11;
				GCC_NO_COMMON_BLOCKS = YES;
				GCC_WARN_64_TO_32_BIT_CONVERSION = YES;
				GCC_WARN_ABOUT_RETURN_TYPE = YES_ERROR;
				GCC_WARN_UNDECLARED_SELECTOR = YES;
				GCC_WARN_UNINITIALIZED_AUTOS = YES_AGGRESSIVE;
				GCC_WARN_UNUSED_FUNCTION = YES;
				GCC_WARN_UNUSED_VARIABLE = YES;
				IPHONEOS_DEPLOYMENT_TARGET = 11.2;
				MTL_ENABLE_DEBUG_INFO = NO;
				SDKROOT = iphoneos;
				SWIFT_OPTIMIZATION_LEVEL = "-Owholemodule";
				VALIDATE_PRODUCT = YES;
			};
			name = Release;
		};
		743B02B820AD163500E8D32F /* Debug */ = {
			isa = XCBuildConfiguration;
			buildSettings = {
				ASSETCATALOG_COMPILER_APPICON_NAME = AppIcon;
				CODE_SIGN_STYLE = Automatic;
				INFOPLIST_FILE = "DIT Food Finder/Info.plist";
				LD_RUNPATH_SEARCH_PATHS = "$(inherited) @executable_path/Frameworks";
				PRODUCT_BUNDLE_IDENTIFIER = "lyw.ac.kr.DIT-Food-Finder";
				PRODUCT_NAME = "$(TARGET_NAME)";
				SWIFT_VERSION = 4.0;
				TARGETED_DEVICE_FAMILY = "1,2";
			};
			name = Debug;
		};
		743B02B920AD163500E8D32F /* Release */ = {
			isa = XCBuildConfiguration;
			buildSettings = {
				ASSETCATALOG_COMPILER_APPICON_NAME = AppIcon;
				CODE_SIGN_STYLE = Automatic;
				INFOPLIST_FILE = "DIT Food Finder/Info.plist";
				LD_RUNPATH_SEARCH_PATHS = "$(inherited) @executable_path/Frameworks";
				PRODUCT_BUNDLE_IDENTIFIER = "lyw.ac.kr.DIT-Food-Finder";
				PRODUCT_NAME = "$(TARGET_NAME)";
				SWIFT_VERSION = 4.0;
				TARGETED_DEVICE_FAMILY = "1,2";
			};
			name = Release;
		};
/* End XCBuildConfiguration section */

/* Begin XCConfigurationList section */
		743B02A020AD163500E8D32F /* Build configuration list for PBXProject "DIT Food Finder" */ = {
			isa = XCConfigurationList;
			buildConfigurations = (
				743B02B520AD163500E8D32F /* Debug */,
				743B02B620AD163500E8D32F /* Release */,
			);
			defaultConfigurationIsVisible = 0;
			defaultConfigurationName = Release;
		};
		743B02B720AD163500E8D32F /* Build configuration list for PBXNativeTarget "DIT Food Finder" */ = {
			isa = XCConfigurationList;
			buildConfigurations = (
				743B02B820AD163500E8D32F /* Debug */,
				743B02B920AD163500E8D32F /* Release */,
			);
			defaultConfigurationIsVisible = 0;
			defaultConfigurationName = Release;
		};
/* End XCConfigurationList section */
	};
	rootObject = 743B029D20AD163500E8D32F /* Project object */;
}
