// !$*UTF8*$!
{
	archiveVersion = 1;
	classes = {
	};
	objectVersion = 48;
	objects = {

/* Begin PBXBuildFile section */
		745DC7E5209A9ADD001BC356 /* AppDelegate.swift in Sources */ = {isa = PBXBuildFile; fileRef = 745DC7E4209A9ADD001BC356 /* AppDelegate.swift */; };
		745DC7E7209A9ADD001BC356 /* ViewController.swift in Sources */ = {isa = PBXBuildFile; fileRef = 745DC7E6209A9ADD001BC356 /* ViewController.swift */; };
		745DC7EA209A9ADD001BC356 /* Main.storyboard in Resources */ = {isa = PBXBuildFile; fileRef = 745DC7E8209A9ADD001BC356 /* Main.storyboard */; };
		745DC7EC209A9ADD001BC356 /* Assets.xcassets in Resources */ = {isa = PBXBuildFile; fileRef = 745DC7EB209A9ADD001BC356 /* Assets.xcassets */; };
		745DC7EF209A9ADD001BC356 /* LaunchScreen.storyboard in Resources */ = {isa = PBXBuildFile; fileRef = 745DC7ED209A9ADD001BC356 /* LaunchScreen.storyboard */; };
/* End PBXBuildFile section */

/* Begin PBXFileReference section */
		745DC7E1209A9ADD001BC356 /* UIslider Table.app */ = {isa = PBXFileReference; explicitFileType = wrapper.application; includeInIndex = 0; path = "UIslider Table.app"; sourceTree = BUILT_PRODUCTS_DIR; };
		745DC7E4209A9ADD001BC356 /* AppDelegate.swift */ = {isa = PBXFileReference; lastKnownFileType = sourcecode.swift; path = AppDelegate.swift; sourceTree = "<group>"; };
		745DC7E6209A9ADD001BC356 /* ViewController.swift */ = {isa = PBXFileReference; lastKnownFileType = sourcecode.swift; path = ViewController.swift; sourceTree = "<group>"; };
		745DC7E9209A9ADD001BC356 /* Base */ = {isa = PBXFileReference; lastKnownFileType = file.storyboard; name = Base; path = Base.lproj/Main.storyboard; sourceTree = "<group>"; };
		745DC7EB209A9ADD001BC356 /* Assets.xcassets */ = {isa = PBXFileReference; lastKnownFileType = folder.assetcatalog; path = Assets.xcassets; sourceTree = "<group>"; };
		745DC7EE209A9ADD001BC356 /* Base */ = {isa = PBXFileReference; lastKnownFileType = file.storyboard; name = Base; path = Base.lproj/LaunchScreen.storyboard; sourceTree = "<group>"; };
		745DC7F0209A9ADD001BC356 /* Info.plist */ = {isa = PBXFileReference; lastKnownFileType = text.plist.xml; path = Info.plist; sourceTree = "<group>"; };
/* End PBXFileReference section */

/* Begin PBXFrameworksBuildPhase section */
		745DC7DE209A9ADD001BC356 /* Frameworks */ = {
			isa = PBXFrameworksBuildPhase;
			buildActionMask = 2147483647;
			files = (
			);
			runOnlyForDeploymentPostprocessing = 0;
		};
/* End PBXFrameworksBuildPhase section */

/* Begin PBXGroup section */
		745DC7D8209A9ADD001BC356 = {
			isa = PBXGroup;
			children = (
				745DC7E3209A9ADD001BC356 /* UIslider Table */,
				745DC7E2209A9ADD001BC356 /* Products */,
			);
			sourceTree = "<group>";
		};
		745DC7E2209A9ADD001BC356 /* Products */ = {
			isa = PBXGroup;
			children = (
				745DC7E1209A9ADD001BC356 /* UIslider Table.app */,
			);
			name = Products;
			sourceTree = "<group>";
		};
		745DC7E3209A9ADD001BC356 /* UIslider Table */ = {
			isa = PBXGroup;
			children = (
				745DC7E4209A9ADD001BC356 /* AppDelegate.swift */,
				745DC7E6209A9ADD001BC356 /* ViewController.swift */,
				745DC7E8209A9ADD001BC356 /* Main.storyboard */,
				745DC7EB209A9ADD001BC356 /* Assets.xcassets */,
				745DC7ED209A9ADD001BC356 /* LaunchScreen.storyboard */,
				745DC7F0209A9ADD001BC356 /* Info.plist */,
			);
			path = "UIslider Table";
			sourceTree = "<group>";
		};
/* End PBXGroup section */

/* Begin PBXNativeTarget section */
		745DC7E0209A9ADD001BC356 /* UIslider Table */ = {
			isa = PBXNativeTarget;
			buildConfigurationList = 745DC7F3209A9ADD001BC356 /* Build configuration list for PBXNativeTarget "UIslider Table" */;
			buildPhases = (
				745DC7DD209A9ADD001BC356 /* Sources */,
				745DC7DE209A9ADD001BC356 /* Frameworks */,
				745DC7DF209A9ADD001BC356 /* Resources */,
			);
			buildRules = (
			);
			dependencies = (
			);
			name = "UIslider Table";
			productName = "UIslider Table";
			productReference = 745DC7E1209A9ADD001BC356 /* UIslider Table.app */;
			productType = "com.apple.product-type.application";
		};
/* End PBXNativeTarget section */

/* Begin PBXProject section */
		745DC7D9209A9ADD001BC356 /* Project object */ = {
			isa = PBXProject;
			attributes = {
				LastSwiftUpdateCheck = 0920;
				LastUpgradeCheck = 0920;
				ORGANIZATIONNAME = lse;
				TargetAttributes = {
					745DC7E0209A9ADD001BC356 = {
						CreatedOnToolsVersion = 9.2;
						ProvisioningStyle = Automatic;
					};
				};
			};
			buildConfigurationList = 745DC7DC209A9ADD001BC356 /* Build configuration list for PBXProject "UIslider Table" */;
			compatibilityVersion = "Xcode 8.0";
			developmentRegion = en;
			hasScannedForEncodings = 0;
			knownRegions = (
				en,
				Base,
			);
			mainGroup = 745DC7D8209A9ADD001BC356;
			productRefGroup = 745DC7E2209A9ADD001BC356 /* Products */;
			projectDirPath = "";
			projectRoot = "";
			targets = (
				745DC7E0209A9ADD001BC356 /* UIslider Table */,
			);
		};
/* End PBXProject section */

/* Begin PBXResourcesBuildPhase section */
		745DC7DF209A9ADD001BC356 /* Resources */ = {
			isa = PBXResourcesBuildPhase;
			buildActionMask = 2147483647;
			files = (
				745DC7EF209A9ADD001BC356 /* LaunchScreen.storyboard in Resources */,
				745DC7EC209A9ADD001BC356 /* Assets.xcassets in Resources */,
				745DC7EA209A9ADD001BC356 /* Main.storyboard in Resources */,
			);
			runOnlyForDeploymentPostprocessing = 0;
		};
/* End PBXResourcesBuildPhase section */

/* Begin PBXSourcesBuildPhase section */
		745DC7DD209A9ADD001BC356 /* Sources */ = {
			isa = PBXSourcesBuildPhase;
			buildActionMask = 2147483647;
			files = (
				745DC7E7209A9ADD001BC356 /* ViewController.swift in Sources */,
				745DC7E5209A9ADD001BC356 /* AppDelegate.swift in Sources */,
			);
			runOnlyForDeploymentPostprocessing = 0;
		};
/* End PBXSourcesBuildPhase section */

/* Begin PBXVariantGroup section */
		745DC7E8209A9ADD001BC356 /* Main.storyboard */ = {
			isa = PBXVariantGroup;
			children = (
				745DC7E9209A9ADD001BC356 /* Base */,
			);
			name = Main.storyboard;
			sourceTree = "<group>";
		};
		745DC7ED209A9ADD001BC356 /* LaunchScreen.storyboard */ = {
			isa = PBXVariantGroup;
			children = (
				745DC7EE209A9ADD001BC356 /* Base */,
			);
			name = LaunchScreen.storyboard;
			sourceTree = "<group>";
		};
/* End PBXVariantGroup section */

/* Begin XCBuildConfiguration section */
		745DC7F1209A9ADD001BC356 /* Debug */ = {
			isa = XCBuildConfiguration;
			buildSettings = {
				ALWAYS_SEARCH_USER_PATHS = NO;
				CLANG_ANALYZER_NONNULL = YES;
				CLANG_ANALYZER_NUMBER_OBJECT_CONVERSION = YES_AGGRESSIVE;
				CLANG_CXX_LANGUAGE_STANDARD = "gnu++14";
				CLANG_CXX_LIBRARY = "libc++";
				CLANG_ENABLE_MODULES = YES;
				CLANG_ENABLE_OBJC_ARC = YES;
				CLANG_WARN_BLOCK_CAPTURE_AUTORELEASING = YES;
				CLANG_WARN_BOOL_CONVERSION = YES;
				CLANG_WARN_COMMA = YES;
				CLANG_WARN_CONSTANT_CONVERSION = YES;
				CLANG_WARN_DIRECT_OBJC_ISA_USAGE = YES_ERROR;
				CLANG_WARN_DOCUMENTATION_COMMENTS = YES;
				CLANG_WARN_EMPTY_BODY = YES;
				CLANG_WARN_ENUM_CONVERSION = YES;
				CLANG_WARN_INFINITE_RECURSION = YES;
				CLANG_WARN_INT_CONVERSION = YES;
				CLANG_WARN_NON_LITERAL_NULL_CONVERSION = YES;
				CLANG_WARN_OBJC_LITERAL_CONVERSION = YES;
				CLANG_WARN_OBJC_ROOT_CLASS = YES_ERROR;
				CLANG_WARN_RANGE_LOOP_ANALYSIS = YES;
				CLANG_WARN_STRICT_PROTOTYPES = YES;
				CLANG_WARN_SUSPICIOUS_MOVE = YES;
				CLANG_WARN_UNGUARDED_AVAILABILITY = YES_AGGRESSIVE;
				CLANG_WARN_UNREACHABLE_CODE = YES;
				CLANG_WARN__DUPLICATE_METHOD_MATCH = YES;
				CODE_SIGN_IDENTITY = "iPhone Developer";
				COPY_PHASE_STRIP = NO;
				DEBUG_INFORMATION_FORMAT = dwarf;
				ENABLE_STRICT_OBJC_MSGSEND = YES;
				ENABLE_TESTABILITY = YES;
				GCC_C_LANGUAGE_STANDARD = gnu11;
				GCC_DYNAMIC_NO_PIC = NO;
				GCC_NO_COMMON_BLOCKS = YES;
				GCC_OPTIMIZATION_LEVEL = 0;
				GCC_PREPROCESSOR_DEFINITIONS = (
					"DEBUG=1",
					"$(inherited)",
				);
				GCC_WARN_64_TO_32_BIT_CONVERSION = YES;
				GCC_WARN_ABOUT_RETURN_TYPE = YES_ERROR;
				GCC_WARN_UNDECLARED_SELECTOR = YES;
				GCC_WARN_UNINITIALIZED_AUTOS = YES_AGGRESSIVE;
				GCC_WARN_UNUSED_FUNCTION = YES;
				GCC_WARN_UNUSED_VARIABLE = YES;
				IPHONEOS_DEPLOYMENT_TARGET = 11.2;
				MTL_ENABLE_DEBUG_INFO = YES;
				ONLY_ACTIVE_ARCH = YES;
				SDKROOT = iphoneos;
				SWIFT_ACTIVE_COMPILATION_CONDITIONS = DEBUG;
				SWIFT_OPTIMIZATION_LEVEL = "-Onone";
			};
			name = Debug;
		};
		745DC7F2209A9ADD001BC356 /* Release */ = {
			isa = XCBuildConfiguration;
			buildSettings = {
				ALWAYS_SEARCH_USER_PATHS = NO;
				CLANG_ANALYZER_NONNULL = YES;
				CLANG_ANALYZER_NUMBER_OBJECT_CONVERSION = YES_AGGRESSIVE;
				CLANG_CXX_LANGUAGE_STANDARD = "gnu++14";
				CLANG_CXX_LIBRARY = "libc++";
				CLANG_ENABLE_MODULES = YES;
				CLANG_ENABLE_OBJC_ARC = YES;
				CLANG_WARN_BLOCK_CAPTURE_AUTORELEASING = YES;
				CLANG_WARN_BOOL_CONVERSION = YES;
				CLANG_WARN_COMMA = YES;
				CLANG_WARN_CONSTANT_CONVERSION = YES;
				CLANG_WARN_DIRECT_OBJC_ISA_USAGE = YES_ERROR;
				CLANG_WARN_DOCUMENTATION_COMMENTS = YES;
				CLANG_WARN_EMPTY_BODY = YES;
				CLANG_WARN_ENUM_CONVERSION = YES;
				CLANG_WARN_INFINITE_RECURSION = YES;
				CLANG_WARN_INT_CONVERSION = YES;
				CLANG_WARN_NON_LITERAL_NULL_CONVERSION = YES;
				CLANG_WARN_OBJC_LITERAL_CONVERSION = YES;
				CLANG_WARN_OBJC_ROOT_CLASS = YES_ERROR;
				CLANG_WARN_RANGE_LOOP_ANALYSIS = YES;
				CLANG_WARN_STRICT_PROTOTYPES = YES;
				CLANG_WARN_SUSPICIOUS_MOVE = YES;
				CLANG_WARN_UNGUARDED_AVAILABILITY = YES_AGGRESSIVE;
				CLANG_WARN_UNREACHABLE_CODE = YES;
				CLANG_WARN__DUPLICATE_METHOD_MATCH = YES;
				CODE_SIGN_IDENTITY = "iPhone Developer";
				COPY_PHASE_STRIP = NO;
				DEBUG_INFORMATION_FORMAT = "dwarf-with-dsym";
				ENABLE_NS_ASSERTIONS = NO;
				ENABLE_STRICT_OBJC_MSGSEND = YES;
				GCC_C_LANGUAGE_STANDARD = gnu11;
				GCC_NO_COMMON_BLOCKS = YES;
				GCC_WARN_64_TO_32_BIT_CONVERSION = YES;
				GCC_WARN_ABOUT_RETURN_TYPE = YES_ERROR;
				GCC_WARN_UNDECLARED_SELECTOR = YES;
				GCC_WARN_UNINITIALIZED_AUTOS = YES_AGGRESSIVE;
				GCC_WARN_UNUSED_FUNCTION = YES;
				GCC_WARN_UNUSED_VARIABLE = YES;
				IPHONEOS_DEPLOYMENT_TARGET = 11.2;
				MTL_ENABLE_DEBUG_INFO = NO;
				SDKROOT = iphoneos;
				SWIFT_OPTIMIZATION_LEVEL = "-Owholemodule";
				VALIDATE_PRODUCT = YES;
			};
			name = Release;
		};
		745DC7F4209A9ADD001BC356 /* Debug */ = {
			isa = XCBuildConfiguration;
			buildSettings = {
				ASSETCATALOG_COMPILER_APPICON_NAME = AppIcon;
				CODE_SIGN_STYLE = Automatic;
				INFOPLIST_FILE = "UIslider Table/Info.plist";
				LD_RUNPATH_SEARCH_PATHS = "$(inherited) @executable_path/Frameworks";
				PRODUCT_BUNDLE_IDENTIFIER = "lyw.ac.kr.UIslider-Table";
				PRODUCT_NAME = "$(TARGET_NAME)";
				SWIFT_VERSION = 4.0;
				TARGETED_DEVICE_FAMILY = "1,2";
			};
			name = Debug;
		};
		745DC7F5209A9ADD001BC356 /* Release */ = {
			isa = XCBuildConfiguration;
			buildSettings = {
				ASSETCATALOG_COMPILER_APPICON_NAME = AppIcon;
				CODE_SIGN_STYLE = Automatic;
				INFOPLIST_FILE = "UIslider Table/Info.plist";
				LD_RUNPATH_SEARCH_PATHS = "$(inherited) @executable_path/Frameworks";
				PRODUCT_BUNDLE_IDENTIFIER = "lyw.ac.kr.UIslider-Table";
				PRODUCT_NAME = "$(TARGET_NAME)";
				SWIFT_VERSION = 4.0;
				TARGETED_DEVICE_FAMILY = "1,2";
			};
			name = Release;
		};
/* End XCBuildConfiguration section */

/* Begin XCConfigurationList section */
		745DC7DC209A9ADD001BC356 /* Build configuration list for PBXProject "UIslider Table" */ = {
			isa = XCConfigurationList;
			buildConfigurations = (
				745DC7F1209A9ADD001BC356 /* Debug */,
				745DC7F2209A9ADD001BC356 /* Release */,
			);
			defaultConfigurationIsVisible = 0;
			defaultConfigurationName = Release;
		};
		745DC7F3209A9ADD001BC356 /* Build configuration list for PBXNativeTarget "UIslider Table" */ = {
			isa = XCConfigurationList;
			buildConfigurations = (
				745DC7F4209A9ADD001BC356 /* Debug */,
				745DC7F5209A9ADD001BC356 /* Release */,
			);
			defaultConfigurationIsVisible = 0;
			defaultConfigurationName = Release;
		};
/* End XCConfigurationList section */
	};
	rootObject = 745DC7D9209A9ADD001BC356 /* Project object */;
}
